<?xml version="1.0" encoding="utf-8"?>
<Project ToolsVersion="4.0" xmlns="http://schemas.microsoft.com/developer/msbuild/2003">
  <ItemGroup>
    <ClCompile Include="src\InputSystem\InputSystem.cpp" />
    <ClCompile Include="src\EventSystem\MessageBus.cpp" />
    <ClCompile Include="src\AnimationSystem\AnimationSystem.cpp" />
    <ClCompile Include="src\EventSystem\Messages\Message.cpp" />
    <ClCompile Include="src\EventSystem\Messages\TestMessage.cpp" />
    <ClCompile Include="src\main.cpp" />
    <ClCompile Include="src\EventSystem\System.cpp" />
    <ClCompile Include="src\InputSystem\Testprogram.cpp" />
    <ClCompile Include="src\RenderSystem\Renderer.cpp" />
    <ClCompile Include="src\RenderSystem\RenderSystem.cpp" />
  </ItemGroup>
  <ItemGroup>

    <ClCompile Include="src\main.cpp">
      <Filter>Source Files</Filter>
    </ClCompile>
    <ClCompile Include="src\EventSystem\System.cpp">
      <Filter>Source Files</Filter>
    </ClCompile>
    <ClCompile Include="src\AnimationSystem\AnimationSystem.cpp">
      <Filter>Source Files</Filter>
    </ClCompile>
    <ClCompile Include="src\EventSystem\Messages\Message.cpp">
      <Filter>Source Files</Filter>
    </ClCompile>
    <ClCompile Include="src\EventSystem\MessageBus.cpp">
      <Filter>Source Files</Filter>
    </ClCompile>
    <ClCompile Include="src\EventSystem\Messages\TestMessage.cpp">
      <Filter>Source Files</Filter>
    </ClCompile>
    <ClCompile Include="src\InputSystem\InputSystem.cpp">
      <Filter>Source Files</Filter>
    </ClCompile>
    <ClCompile Include="src\InputSystem\Testprogram.cpp">
      <Filter>Source Files</Filter>
    </ClCompile>
    <ClCompile Include="src\AudioSystem\SoundDevice.cpp">
      <Filter>Source Files</Filter>
    </ClCompile>
    <ClCompile Include="src\AudioSystem\SoundBuffer.cpp">
      <Filter>Source Files</Filter>
    </ClCompile>
    <ClCompile Include="src\AudioSystem\SoundSource.cpp">
      <Filter>Source Files</Filter>
    </ClCompile>
    <ClCompile Include="src\AudioSystem\MusicBuffer.cpp">
      <Filter>Source Files</Filter>
    </ClCompile>
  </ItemGroup>
  <ItemGroup>
    <ClInclude Include="src\EventSystem\System.h">
      <Filter>Header Files</Filter>
    </ClInclude>
    <ClInclude Include="src\Utils\Queue.h">
      <Filter>Header Files</Filter>
    </ClInclude>
    <ClInclude Include="src\Utils\SimpleList.h">
      <Filter>Header Files</Filter>
    </ClInclude>
    <ClInclude Include="src\AnimationSystem\AnimationSystem.h">
      <Filter>Header Files</Filter>
    </ClInclude>
    <ClInclude Include="src\EventSystem\Messages\Message.h">
      <Filter>Header Files</Filter>
    </ClInclude>
    <ClInclude Include="src\EventSystem\MessageBus.h">
      <Filter>Header Files</Filter>
    </ClInclude>
    <ClInclude Include="src\EventSystem\Messages\TestMessage.h">
      <Filter>Header Files</Filter>
    </ClInclude>
    <ClInclude Include="src\InputSystem\InputListener.h">
      <Filter>Header Files</Filter>
    </ClInclude>
    <ClInclude Include="src\InputSystem\InputSystem.h">
      <Filter>Header Files</Filter>
    </ClInclude>
    <ClInclude Include="src\InputSystem\Testprogram.h">
      <Filter>Header Files</Filter>
    </ClInclude>
    <ClInclude Include="src\AudioSystem\SoundDevice.h">
      <Filter>Header Files</Filter>
    </ClInclude>
    <ClInclude Include="src\AudioSystem\SoundBuffer.h">
      <Filter>Header Files</Filter>
    </ClInclude>
    <ClInclude Include="src\AudioSystem\SoundSource.h">
      <Filter>Header Files</Filter>
    </ClInclude>
    <ClInclude Include="src\AudioSystem\MusicBuffer.h">
      <Filter>Header Files</Filter>
    </ClInclude>
  </ItemGroup>
  <ItemGroup>
    <None Include="src\Utils\Queue.tpp" />

    <ClInclude Include="src\InputSystem\InputListener.h" />
    <ClInclude Include="src\InputSystem\InputSystem.h" />
    <ClInclude Include="src\AnimationSystem\AnimationSystem.h" />
    <ClInclude Include="src\EventSystem\Messages\Message.h" />
    <ClInclude Include="src\EventSystem\Messages\TestMessage.h" />
    <ClInclude Include="src\Utils\SimpleList.h" />
    <ClInclude Include="src\Utils\Queue.h" />
    <ClInclude Include="src\EventSystem\MessageBus.h" />
    <ClInclude Include="src\EventSystem\System.h" />
    <ClInclude Include="src\InputSystem\Testprogram.h" />
    <ClInclude Include="src\EntityComponentSystem\ComponentArray.h" />
    <ClInclude Include="src\EntityComponentSystem\ComponentManager.h" />
    <ClInclude Include="src\EntityComponentSystem\Coordinator.h" />
    <ClInclude Include="src\EntityComponentSystem\EntityComponentDef.h" />
    <ClInclude Include="src\EntityComponentSystem\EntityManager.h" />
    <ClInclude Include="src\EntityComponentSystem\Components\MeshRenderable.h" />
    <ClInclude Include="src\RenderSystem\Renderer.h" />
    <ClInclude Include="src\RenderSystem\RenderSystem.h" />
    <ClInclude Include="src\EntityComponentSystem\SystemManager.h" />
    <ClInclude Include="src\EntityComponentSystem\Components\Transform.h" />
    <ClInclude Include="src\Utils\Utils.h" />
  </ItemGroup>
  <ItemGroup>

    <None Include="src\Utils\SimpleList.tpp" />
    <None Include="src\Utils\Queue.tpp" />
  </ItemGroup>
</Project>